
Microsoft Visual Studio Solution File, Format Version 12.00
# Visual Studio Version 17
VisualStudioVersion = 17.5.002.0
MinimumVisualStudioVersion = 10.0.40219.1
Project("{9A19103F-16F7-4668-BE54-9A1E7A4F7556}") = "Cronometro", "Cronometro.csproj", "{DF102D7D-1D5D-4101-9668-86F3ED9F331D}"
EndProject
Global
	GlobalSection(SolutionConfigurationPlatforms) = preSolution
		Debug|Any CPU = Debug|Any CPU
		Release|Any CPU = Release|Any CPU
	EndGlobalSection
	GlobalSection(ProjectConfigurationPlatforms) = postSolution
		{DF102D7D-1D5D-4101-9668-86F3ED9F331D}.Debug|Any CPU.ActiveCfg = Debug|Any CPU
		{DF102D7D-1D5D-4101-9668-86F3ED9F331D}.Debug|Any CPU.Build.0 = Debug|Any CPU
		{DF102D7D-1D5D-4101-9668-86F3ED9F331D}.Release|Any CPU.ActiveCfg = Release|Any CPU
		{DF102D7D-1D5D-4101-9668-86F3ED9F331D}.Release|Any CPU.Build.0 = Release|Any CPU
	EndGlobalSection
	GlobalSection(SolutionProperties) = preSolution
		HideSolutionNode = FALSE
	EndGlobalSection
	GlobalSection(ExtensibilityGlobals) = postSolution
		SolutionGuid = {BD520B85-72AA-40F2-ACF4-F02E18DFB61E}
	EndGlobalSection
EndGlobal
